// !$*UTF8*$!
{
	archiveVersion = 1;
	classes = {
	};
	objectVersion = 46;
	objects = {

/* Begin PBXBuildFile section */
		3303C0B21CA59FFC006363AD /* NotificationCenter.framework in Frameworks */ = {isa = PBXBuildFile; fileRef = 3303C0B11CA59FFC006363AD /* NotificationCenter.framework */; };
		3303C0B51CA59FFC006363AD /* TodayViewController.swift in Sources */ = {isa = PBXBuildFile; fileRef = 3303C0B41CA59FFC006363AD /* TodayViewController.swift */; };
		3303C0B81CA59FFC006363AD /* MainInterface.storyboard in Resources */ = {isa = PBXBuildFile; fileRef = 3303C0B61CA59FFC006363AD /* MainInterface.storyboard */; };
		3303C0BC1CA59FFC006363AD /* Comedores UGR Widget.appex in Embed App Extensions */ = {isa = PBXBuildFile; fileRef = 3303C0B01CA59FFC006363AD /* Comedores UGR Widget.appex */; settings = {ATTRIBUTES = (RemoveHeadersOnCopy, ); }; };
		3303C0C11CA5A09A006363AD /* WeekMenuFetcher.swift in Sources */ = {isa = PBXBuildFile; fileRef = 33837D441C90A1360095E395 /* WeekMenuFetcher.swift */; };
		33276B411CABE72D00AE2721 /* Interface.storyboard in Resources */ = {isa = PBXBuildFile; fileRef = 33276B3F1CABE72D00AE2721 /* Interface.storyboard */; };
		33276B431CABE72D00AE2721 /* Assets.xcassets in Resources */ = {isa = PBXBuildFile; fileRef = 33276B421CABE72D00AE2721 /* Assets.xcassets */; };
		33276B4A1CABE72D00AE2721 /* Comedores UGR Watch Extension.appex in Embed App Extensions */ = {isa = PBXBuildFile; fileRef = 33276B491CABE72D00AE2721 /* Comedores UGR Watch Extension.appex */; settings = {ATTRIBUTES = (RemoveHeadersOnCopy, ); }; };
		33276B511CABE72D00AE2721 /* InterfaceController.swift in Sources */ = {isa = PBXBuildFile; fileRef = 33276B501CABE72D00AE2721 /* InterfaceController.swift */; };
		33276B531CABE72D00AE2721 /* ExtensionDelegate.swift in Sources */ = {isa = PBXBuildFile; fileRef = 33276B521CABE72D00AE2721 /* ExtensionDelegate.swift */; };
		33276B551CABE72D00AE2721 /* NotificationController.swift in Sources */ = {isa = PBXBuildFile; fileRef = 33276B541CABE72D00AE2721 /* NotificationController.swift */; };
		33276B571CABE72D00AE2721 /* GlanceController.swift in Sources */ = {isa = PBXBuildFile; fileRef = 33276B561CABE72D00AE2721 /* GlanceController.swift */; };
		33276B591CABE72D00AE2721 /* Assets.xcassets in Resources */ = {isa = PBXBuildFile; fileRef = 33276B581CABE72D00AE2721 /* Assets.xcassets */; };
		33276B5D1CABE72D00AE2721 /* Comedores UGR Watch.app in Embed Watch Content */ = {isa = PBXBuildFile; fileRef = 33276B3D1CABE72D00AE2721 /* Comedores UGR Watch.app */; };
		33276B6B1CAD74DA00AE2721 /* EventManager.swift in Sources */ = {isa = PBXBuildFile; fileRef = 33276B6A1CAD74DA00AE2721 /* EventManager.swift */; };
		33276B6D1CAEB32400AE2721 /* StyleKit.swift in Sources */ = {isa = PBXBuildFile; fileRef = 33276B6C1CAEB32400AE2721 /* StyleKit.swift */; };
		33276B6F1CAED82700AE2721 /* InfoViewController.swift in Sources */ = {isa = PBXBuildFile; fileRef = 33276B6E1CAED82700AE2721 /* InfoViewController.swift */; };
		33276B711CAEE1B500AE2721 /* PreferencesManager.swift in Sources */ = {isa = PBXBuildFile; fileRef = 33276B701CAEE1B500AE2721 /* PreferencesManager.swift */; };
		336E35D21CA5AECA00093C3C /* DayMenu.swift in Sources */ = {isa = PBXBuildFile; fileRef = 336E35D11CA5AECA00093C3C /* DayMenu.swift */; };
		336E35D31CA5AECA00093C3C /* DayMenu.swift in Sources */ = {isa = PBXBuildFile; fileRef = 336E35D11CA5AECA00093C3C /* DayMenu.swift */; };
		33808C2B1CA7D1A900AB4912 /* Localizable.strings in Resources */ = {isa = PBXBuildFile; fileRef = 33808C2E1CA7D1A900AB4912 /* Localizable.strings */; };
		33808C2C1CA7D1A900AB4912 /* Localizable.strings in Resources */ = {isa = PBXBuildFile; fileRef = 33808C2E1CA7D1A900AB4912 /* Localizable.strings */; };
		33837D311C9066540095E395 /* AppDelegate.swift in Sources */ = {isa = PBXBuildFile; fileRef = 33837D301C9066540095E395 /* AppDelegate.swift */; };
		33837D331C9066540095E395 /* MenuTableViewController.swift in Sources */ = {isa = PBXBuildFile; fileRef = 33837D321C9066540095E395 /* MenuTableViewController.swift */; };
		33837D361C9066540095E395 /* Main.storyboard in Resources */ = {isa = PBXBuildFile; fileRef = 33837D341C9066540095E395 /* Main.storyboard */; };
		33837D381C9066540095E395 /* Assets.xcassets in Resources */ = {isa = PBXBuildFile; fileRef = 33837D371C9066540095E395 /* Assets.xcassets */; };
		33837D3B1C9066540095E395 /* LaunchScreen.storyboard in Resources */ = {isa = PBXBuildFile; fileRef = 33837D391C9066540095E395 /* LaunchScreen.storyboard */; };
		33837D451C90A1360095E395 /* WeekMenuFetcher.swift in Sources */ = {isa = PBXBuildFile; fileRef = 33837D441C90A1360095E395 /* WeekMenuFetcher.swift */; };
		339D79481CA7DAC80068AFA7 /* InfoPlist.strings in Resources */ = {isa = PBXBuildFile; fileRef = 339D794A1CA7DAC80068AFA7 /* InfoPlist.strings */; };
		339D794D1CA7DAEE0068AFA7 /* InfoPlist.strings in Resources */ = {isa = PBXBuildFile; fileRef = 339D794F1CA7DAEE0068AFA7 /* InfoPlist.strings */; };
		339D79511CA7DC780068AFA7 /* NSUserDefaults+Menu.swift in Sources */ = {isa = PBXBuildFile; fileRef = 339D79501CA7DC780068AFA7 /* NSUserDefaults+Menu.swift */; };
		339D79521CA7DC780068AFA7 /* NSUserDefaults+Menu.swift in Sources */ = {isa = PBXBuildFile; fileRef = 339D79501CA7DC780068AFA7 /* NSUserDefaults+Menu.swift */; };
		339D79571CA942FF0068AFA7 /* ErrorTableViewCell.swift in Sources */ = {isa = PBXBuildFile; fileRef = 339D79561CA942FF0068AFA7 /* ErrorTableViewCell.swift */; };
		33A7596B1CA97B5B00D3BCA7 /* LastUpdateTableViewCell.swift in Sources */ = {isa = PBXBuildFile; fileRef = 33A7596A1CA97B5B00D3BCA7 /* LastUpdateTableViewCell.swift */; };
		33A9EA9D1CA77FE8004E9645 /* Common.swift in Sources */ = {isa = PBXBuildFile; fileRef = 33A9EA9C1CA77FE8004E9645 /* Common.swift */; };
		33A9EA9E1CA77FE8004E9645 /* Common.swift in Sources */ = {isa = PBXBuildFile; fileRef = 33A9EA9C1CA77FE8004E9645 /* Common.swift */; };
		33A9EAA31CA782B6004E9645 /* MenuTableViewCell.swift in Sources */ = {isa = PBXBuildFile; fileRef = 33A9EAA21CA782B6004E9645 /* MenuTableViewCell.swift */; };
		33A9EAA51CA7970F004E9645 /* AppCommon.swift in Sources */ = {isa = PBXBuildFile; fileRef = 33A9EAA41CA7970F004E9645 /* AppCommon.swift */; };
		33A9EAA61CA7970F004E9645 /* AppCommon.swift in Sources */ = {isa = PBXBuildFile; fileRef = 33A9EAA41CA7970F004E9645 /* AppCommon.swift */; };
		A04F0F94A2C3F9F7B0DB509E /* Pods.framework in Frameworks */ = {isa = PBXBuildFile; fileRef = B45D3C10D18E5E1925E17412 /* Pods.framework */; };
/* End PBXBuildFile section */

/* Begin PBXContainerItemProxy section */
		3303C0BA1CA59FFC006363AD /* PBXContainerItemProxy */ = {
			isa = PBXContainerItemProxy;
			containerPortal = 33837D251C9066540095E395 /* Project object */;
			proxyType = 1;
			remoteGlobalIDString = 3303C0AF1CA59FFC006363AD;
			remoteInfo = "Comedores UGR Widget";
		};
		33276B4B1CABE72D00AE2721 /* PBXContainerItemProxy */ = {
			isa = PBXContainerItemProxy;
			containerPortal = 33837D251C9066540095E395 /* Project object */;
			proxyType = 1;
			remoteGlobalIDString = 33276B481CABE72D00AE2721;
			remoteInfo = "Comedores UGR Watch Extension";
		};
		33276B5B1CABE72D00AE2721 /* PBXContainerItemProxy */ = {
			isa = PBXContainerItemProxy;
			containerPortal = 33837D251C9066540095E395 /* Project object */;
			proxyType = 1;
			remoteGlobalIDString = 33276B3C1CABE72C00AE2721;
			remoteInfo = "Comedores UGR Watch";
		};
/* End PBXContainerItemProxy section */

/* Begin PBXCopyFilesBuildPhase section */
		3303C0C01CA59FFC006363AD /* Embed App Extensions */ = {
			isa = PBXCopyFilesBuildPhase;
			buildActionMask = 2147483647;
			dstPath = "";
			dstSubfolderSpec = 13;
			files = (
				3303C0BC1CA59FFC006363AD /* Comedores UGR Widget.appex in Embed App Extensions */,
			);
			name = "Embed App Extensions";
			runOnlyForDeploymentPostprocessing = 0;
		};
		33276B611CABE72D00AE2721 /* Embed App Extensions */ = {
			isa = PBXCopyFilesBuildPhase;
			buildActionMask = 2147483647;
			dstPath = "";
			dstSubfolderSpec = 13;
			files = (
				33276B4A1CABE72D00AE2721 /* Comedores UGR Watch Extension.appex in Embed App Extensions */,
			);
			name = "Embed App Extensions";
			runOnlyForDeploymentPostprocessing = 0;
		};
		33276B651CABE72D00AE2721 /* Embed Watch Content */ = {
			isa = PBXCopyFilesBuildPhase;
			buildActionMask = 2147483647;
			dstPath = "$(CONTENTS_FOLDER_PATH)/Watch";
			dstSubfolderSpec = 16;
			files = (
				33276B5D1CABE72D00AE2721 /* Comedores UGR Watch.app in Embed Watch Content */,
			);
			name = "Embed Watch Content";
			runOnlyForDeploymentPostprocessing = 0;
		};
/* End PBXCopyFilesBuildPhase section */

/* Begin PBXFileReference section */
		3303C0B01CA59FFC006363AD /* Comedores UGR Widget.appex */ = {isa = PBXFileReference; explicitFileType = "wrapper.app-extension"; includeInIndex = 0; path = "Comedores UGR Widget.appex"; sourceTree = BUILT_PRODUCTS_DIR; };
		3303C0B11CA59FFC006363AD /* NotificationCenter.framework */ = {isa = PBXFileReference; lastKnownFileType = wrapper.framework; name = NotificationCenter.framework; path = System/Library/Frameworks/NotificationCenter.framework; sourceTree = SDKROOT; };
		3303C0B41CA59FFC006363AD /* TodayViewController.swift */ = {isa = PBXFileReference; lastKnownFileType = sourcecode.swift; path = TodayViewController.swift; sourceTree = "<group>"; };
		3303C0B71CA59FFC006363AD /* Base */ = {isa = PBXFileReference; lastKnownFileType = file.storyboard; name = Base; path = Base.lproj/MainInterface.storyboard; sourceTree = "<group>"; };
		3303C0C21CA5A398006363AD /* Comedores UGR.entitlements */ = {isa = PBXFileReference; lastKnownFileType = text.xml; path = "Comedores UGR.entitlements"; sourceTree = "<group>"; };
		3303C0C31CA5A3A6006363AD /* Comedores UGR Widget.entitlements */ = {isa = PBXFileReference; lastKnownFileType = text.xml; path = "Comedores UGR Widget.entitlements"; sourceTree = "<group>"; };
		3321FB6A1CA7D98E00CCC5D9 /* Info.plist */ = {isa = PBXFileReference; fileEncoding = 4; lastKnownFileType = text.plist.xml; path = Info.plist; sourceTree = "<group>"; };
		3321FB6C1CA7D9BE00CCC5D9 /* Info.plist */ = {isa = PBXFileReference; fileEncoding = 4; lastKnownFileType = text.plist.xml; path = Info.plist; sourceTree = "<group>"; };
		33276B3D1CABE72D00AE2721 /* Comedores UGR Watch.app */ = {isa = PBXFileReference; explicitFileType = wrapper.application; includeInIndex = 0; path = "Comedores UGR Watch.app"; sourceTree = BUILT_PRODUCTS_DIR; };
		33276B401CABE72D00AE2721 /* Base */ = {isa = PBXFileReference; lastKnownFileType = file.storyboard; name = Base; path = Base.lproj/Interface.storyboard; sourceTree = "<group>"; };
		33276B421CABE72D00AE2721 /* Assets.xcassets */ = {isa = PBXFileReference; lastKnownFileType = folder.assetcatalog; path = Assets.xcassets; sourceTree = "<group>"; };
		33276B441CABE72D00AE2721 /* Info.plist */ = {isa = PBXFileReference; lastKnownFileType = text.plist.xml; path = Info.plist; sourceTree = "<group>"; };
		33276B491CABE72D00AE2721 /* Comedores UGR Watch Extension.appex */ = {isa = PBXFileReference; explicitFileType = "wrapper.app-extension"; includeInIndex = 0; path = "Comedores UGR Watch Extension.appex"; sourceTree = BUILT_PRODUCTS_DIR; };
		33276B4F1CABE72D00AE2721 /* PushNotificationPayload.apns */ = {isa = PBXFileReference; lastKnownFileType = text; path = PushNotificationPayload.apns; sourceTree = "<group>"; };
		33276B501CABE72D00AE2721 /* InterfaceController.swift */ = {isa = PBXFileReference; lastKnownFileType = sourcecode.swift; path = InterfaceController.swift; sourceTree = "<group>"; };
		33276B521CABE72D00AE2721 /* ExtensionDelegate.swift */ = {isa = PBXFileReference; lastKnownFileType = sourcecode.swift; path = ExtensionDelegate.swift; sourceTree = "<group>"; };
		33276B541CABE72D00AE2721 /* NotificationController.swift */ = {isa = PBXFileReference; lastKnownFileType = sourcecode.swift; path = NotificationController.swift; sourceTree = "<group>"; };
		33276B561CABE72D00AE2721 /* GlanceController.swift */ = {isa = PBXFileReference; lastKnownFileType = sourcecode.swift; path = GlanceController.swift; sourceTree = "<group>"; };
		33276B581CABE72D00AE2721 /* Assets.xcassets */ = {isa = PBXFileReference; lastKnownFileType = folder.assetcatalog; path = Assets.xcassets; sourceTree = "<group>"; };
		33276B5A1CABE72D00AE2721 /* Info.plist */ = {isa = PBXFileReference; lastKnownFileType = text.plist.xml; path = Info.plist; sourceTree = "<group>"; };
		33276B6A1CAD74DA00AE2721 /* EventManager.swift */ = {isa = PBXFileReference; fileEncoding = 4; lastKnownFileType = sourcecode.swift; path = EventManager.swift; sourceTree = "<group>"; };
		33276B6C1CAEB32400AE2721 /* StyleKit.swift */ = {isa = PBXFileReference; fileEncoding = 4; lastKnownFileType = sourcecode.swift; path = StyleKit.swift; sourceTree = "<group>"; };
		33276B6E1CAED82700AE2721 /* InfoViewController.swift */ = {isa = PBXFileReference; fileEncoding = 4; lastKnownFileType = sourcecode.swift; path = InfoViewController.swift; sourceTree = "<group>"; };
		33276B701CAEE1B500AE2721 /* PreferencesManager.swift */ = {isa = PBXFileReference; fileEncoding = 4; lastKnownFileType = sourcecode.swift; path = PreferencesManager.swift; sourceTree = "<group>"; };
		336E35D11CA5AECA00093C3C /* DayMenu.swift */ = {isa = PBXFileReference; fileEncoding = 4; lastKnownFileType = sourcecode.swift; path = DayMenu.swift; sourceTree = "<group>"; };
		33808C251CA7CFC300AB4912 /* es */ = {isa = PBXFileReference; lastKnownFileType = text.plist.strings; name = es; path = es.lproj/Main.strings; sourceTree = "<group>"; };
		33808C271CA7CFC300AB4912 /* es */ = {isa = PBXFileReference; lastKnownFileType = text.plist.strings; name = es; path = es.lproj/MainInterface.strings; sourceTree = "<group>"; };
		33808C2D1CA7D1A900AB4912 /* en */ = {isa = PBXFileReference; lastKnownFileType = text.plist.strings; name = en; path = en.lproj/Localizable.strings; sourceTree = "<group>"; };
		33808C301CA7D1B400AB4912 /* es */ = {isa = PBXFileReference; lastKnownFileType = text.plist.strings; name = es; path = es.lproj/Localizable.strings; sourceTree = "<group>"; };
		33837D2D1C9066540095E395 /* Comedores UGR.app */ = {isa = PBXFileReference; explicitFileType = wrapper.application; includeInIndex = 0; path = "Comedores UGR.app"; sourceTree = BUILT_PRODUCTS_DIR; };
		33837D301C9066540095E395 /* AppDelegate.swift */ = {isa = PBXFileReference; lastKnownFileType = sourcecode.swift; path = AppDelegate.swift; sourceTree = "<group>"; };
		33837D321C9066540095E395 /* MenuTableViewController.swift */ = {isa = PBXFileReference; lastKnownFileType = sourcecode.swift; path = MenuTableViewController.swift; sourceTree = "<group>"; };
		33837D351C9066540095E395 /* Base */ = {isa = PBXFileReference; lastKnownFileType = file.storyboard; name = Base; path = Base.lproj/Main.storyboard; sourceTree = "<group>"; };
		33837D371C9066540095E395 /* Assets.xcassets */ = {isa = PBXFileReference; lastKnownFileType = folder.assetcatalog; path = Assets.xcassets; sourceTree = "<group>"; };
		33837D3A1C9066540095E395 /* Base */ = {isa = PBXFileReference; lastKnownFileType = file.storyboard; name = Base; path = Base.lproj/LaunchScreen.storyboard; sourceTree = "<group>"; };
		33837D441C90A1360095E395 /* WeekMenuFetcher.swift */ = {isa = PBXFileReference; fileEncoding = 4; lastKnownFileType = sourcecode.swift; path = WeekMenuFetcher.swift; sourceTree = "<group>"; };
		339D79491CA7DAC80068AFA7 /* es */ = {isa = PBXFileReference; lastKnownFileType = text.plist.strings; name = es; path = es.lproj/InfoPlist.strings; sourceTree = "<group>"; };
		339D794E1CA7DAEE0068AFA7 /* es */ = {isa = PBXFileReference; lastKnownFileType = text.plist.strings; name = es; path = es.lproj/InfoPlist.strings; sourceTree = "<group>"; };
		339D79501CA7DC780068AFA7 /* NSUserDefaults+Menu.swift */ = {isa = PBXFileReference; fileEncoding = 4; lastKnownFileType = sourcecode.swift; path = "NSUserDefaults+Menu.swift"; sourceTree = "<group>"; };
		339D79561CA942FF0068AFA7 /* ErrorTableViewCell.swift */ = {isa = PBXFileReference; fileEncoding = 4; lastKnownFileType = sourcecode.swift; path = ErrorTableViewCell.swift; sourceTree = "<group>"; };
		33A7596A1CA97B5B00D3BCA7 /* LastUpdateTableViewCell.swift */ = {isa = PBXFileReference; fileEncoding = 4; lastKnownFileType = sourcecode.swift; path = LastUpdateTableViewCell.swift; sourceTree = "<group>"; };
		33A9EA9C1CA77FE8004E9645 /* Common.swift */ = {isa = PBXFileReference; fileEncoding = 4; lastKnownFileType = sourcecode.swift; path = Common.swift; sourceTree = "<group>"; };
		33A9EAA21CA782B6004E9645 /* MenuTableViewCell.swift */ = {isa = PBXFileReference; fileEncoding = 4; lastKnownFileType = sourcecode.swift; path = MenuTableViewCell.swift; sourceTree = "<group>"; };
		33A9EAA41CA7970F004E9645 /* AppCommon.swift */ = {isa = PBXFileReference; fileEncoding = 4; lastKnownFileType = sourcecode.swift; path = AppCommon.swift; sourceTree = "<group>"; };
		7E6BA74AD7A8B0D41EE9405E /* Pods.debug.xcconfig */ = {isa = PBXFileReference; includeInIndex = 1; lastKnownFileType = text.xcconfig; name = Pods.debug.xcconfig; path = "Pods/Target Support Files/Pods/Pods.debug.xcconfig"; sourceTree = "<group>"; };
		B45D3C10D18E5E1925E17412 /* Pods.framework */ = {isa = PBXFileReference; explicitFileType = wrapper.framework; includeInIndex = 0; path = Pods.framework; sourceTree = BUILT_PRODUCTS_DIR; };
		B679D0C5174D735F49427568 /* Pods.release.xcconfig */ = {isa = PBXFileReference; includeInIndex = 1; lastKnownFileType = text.xcconfig; name = Pods.release.xcconfig; path = "Pods/Target Support Files/Pods/Pods.release.xcconfig"; sourceTree = "<group>"; };
/* End PBXFileReference section */

/* Begin PBXFrameworksBuildPhase section */
		3303C0AD1CA59FFC006363AD /* Frameworks */ = {
			isa = PBXFrameworksBuildPhase;
			buildActionMask = 2147483647;
			files = (
				3303C0B21CA59FFC006363AD /* NotificationCenter.framework in Frameworks */,
			);
			runOnlyForDeploymentPostprocessing = 0;
		};
		33276B461CABE72D00AE2721 /* Frameworks */ = {
			isa = PBXFrameworksBuildPhase;
			buildActionMask = 2147483647;
			files = (
			);
			runOnlyForDeploymentPostprocessing = 0;
		};
		33837D2A1C9066540095E395 /* Frameworks */ = {
			isa = PBXFrameworksBuildPhase;
			buildActionMask = 2147483647;
			files = (
				A04F0F94A2C3F9F7B0DB509E /* Pods.framework in Frameworks */,
			);
			runOnlyForDeploymentPostprocessing = 0;
		};
/* End PBXFrameworksBuildPhase section */

/* Begin PBXGroup section */
		3303C0B31CA59FFC006363AD /* Comedores UGR Widget */ = {
			isa = PBXGroup;
			children = (
				3303C0B41CA59FFC006363AD /* TodayViewController.swift */,
				3303C0B61CA59FFC006363AD /* MainInterface.storyboard */,
				33276B681CAD737000AE2721 /* Supporting Files */,
			);
			path = "Comedores UGR Widget";
			sourceTree = "<group>";
		};
		33276B3E1CABE72D00AE2721 /* Comedores UGR Watch */ = {
			isa = PBXGroup;
			children = (
				33276B3F1CABE72D00AE2721 /* Interface.storyboard */,
				33276B691CAD739100AE2721 /* Supporting Files */,
			);
			path = "Comedores UGR Watch";
			sourceTree = "<group>";
		};
		33276B4D1CABE72D00AE2721 /* Comedores UGR Watch Extension */ = {
			isa = PBXGroup;
			children = (
				33276B501CABE72D00AE2721 /* InterfaceController.swift */,
				33276B521CABE72D00AE2721 /* ExtensionDelegate.swift */,
				33276B541CABE72D00AE2721 /* NotificationController.swift */,
				33276B561CABE72D00AE2721 /* GlanceController.swift */,
				33276B4E1CABE72D00AE2721 /* Supporting Files */,
			);
			path = "Comedores UGR Watch Extension";
			sourceTree = "<group>";
		};
		33276B4E1CABE72D00AE2721 /* Supporting Files */ = {
			isa = PBXGroup;
			children = (
				33276B581CABE72D00AE2721 /* Assets.xcassets */,
				33276B5A1CABE72D00AE2721 /* Info.plist */,
				33276B4F1CABE72D00AE2721 /* PushNotificationPayload.apns */,
			);
			name = "Supporting Files";
			sourceTree = "<group>";
		};
		33276B661CAD732900AE2721 /* Table View Cells */ = {
			isa = PBXGroup;
			children = (
				33A9EAA21CA782B6004E9645 /* MenuTableViewCell.swift */,
				339D79561CA942FF0068AFA7 /* ErrorTableViewCell.swift */,
				33A7596A1CA97B5B00D3BCA7 /* LastUpdateTableViewCell.swift */,
			);
			name = "Table View Cells";
			sourceTree = "<group>";
		};
		33276B671CAD735200AE2721 /* Supporting Files */ = {
			isa = PBXGroup;
			children = (
				33837D371C9066540095E395 /* Assets.xcassets */,
				3303C0C21CA5A398006363AD /* Comedores UGR.entitlements */,
				3321FB6A1CA7D98E00CCC5D9 /* Info.plist */,
				339D794F1CA7DAEE0068AFA7 /* InfoPlist.strings */,
			);
			name = "Supporting Files";
			sourceTree = "<group>";
		};
		33276B681CAD737000AE2721 /* Supporting Files */ = {
			isa = PBXGroup;
			children = (
				3303C0C31CA5A3A6006363AD /* Comedores UGR Widget.entitlements */,
				3321FB6C1CA7D9BE00CCC5D9 /* Info.plist */,
				339D794A1CA7DAC80068AFA7 /* InfoPlist.strings */,
			);
			name = "Supporting Files";
			sourceTree = "<group>";
		};
		33276B691CAD739100AE2721 /* Supporting Files */ = {
			isa = PBXGroup;
			children = (
				33276B421CABE72D00AE2721 /* Assets.xcassets */,
				33276B441CABE72D00AE2721 /* Info.plist */,
			);
			name = "Supporting Files";
			sourceTree = "<group>";
		};
		336E35D41CA5B0FA00093C3C /* Common */ = {
			isa = PBXGroup;
			children = (
				339D79501CA7DC780068AFA7 /* NSUserDefaults+Menu.swift */,
				33837D441C90A1360095E395 /* WeekMenuFetcher.swift */,
				336E35D11CA5AECA00093C3C /* DayMenu.swift */,
				33A9EAA41CA7970F004E9645 /* AppCommon.swift */,
				33A9EA9C1CA77FE8004E9645 /* Common.swift */,
				33808C2E1CA7D1A900AB4912 /* Localizable.strings */,
			);
			name = Common;
			path = "Comedores UGR";
			sourceTree = "<group>";
		};
		33837D241C9066540095E395 = {
			isa = PBXGroup;
			children = (
				33837D2F1C9066540095E395 /* Comedores UGR */,
				3303C0B31CA59FFC006363AD /* Comedores UGR Widget */,
				336E35D41CA5B0FA00093C3C /* Common */,
				33276B3E1CABE72D00AE2721 /* Comedores UGR Watch */,
				33276B4D1CABE72D00AE2721 /* Comedores UGR Watch Extension */,
				33837D2E1C9066540095E395 /* Products */,
				4DF58F8A68660F8B644F26F7 /* Pods */,
				A5975B684944498F5AB78B06 /* Frameworks */,
			);
			sourceTree = "<group>";
		};
		33837D2E1C9066540095E395 /* Products */ = {
			isa = PBXGroup;
			children = (
				33837D2D1C9066540095E395 /* Comedores UGR.app */,
				3303C0B01CA59FFC006363AD /* Comedores UGR Widget.appex */,
				33276B3D1CABE72D00AE2721 /* Comedores UGR Watch.app */,
				33276B491CABE72D00AE2721 /* Comedores UGR Watch Extension.appex */,
			);
			name = Products;
			sourceTree = "<group>";
		};
		33837D2F1C9066540095E395 /* Comedores UGR */ = {
			isa = PBXGroup;
			children = (
				33837D301C9066540095E395 /* AppDelegate.swift */,
				33276B6A1CAD74DA00AE2721 /* EventManager.swift */,
				33276B701CAEE1B500AE2721 /* PreferencesManager.swift */,
				33276B6C1CAEB32400AE2721 /* StyleKit.swift */,
				33276B6E1CAED82700AE2721 /* InfoViewController.swift */,
				33837D321C9066540095E395 /* MenuTableViewController.swift */,
				33276B661CAD732900AE2721 /* Table View Cells */,
				33837D341C9066540095E395 /* Main.storyboard */,
				33837D391C9066540095E395 /* LaunchScreen.storyboard */,
				33276B671CAD735200AE2721 /* Supporting Files */,
			);
			path = "Comedores UGR";
			sourceTree = "<group>";
		};
		4DF58F8A68660F8B644F26F7 /* Pods */ = {
			isa = PBXGroup;
			children = (
				7E6BA74AD7A8B0D41EE9405E /* Pods.debug.xcconfig */,
				B679D0C5174D735F49427568 /* Pods.release.xcconfig */,
			);
			name = Pods;
			sourceTree = "<group>";
		};
		A5975B684944498F5AB78B06 /* Frameworks */ = {
			isa = PBXGroup;
			children = (
				B45D3C10D18E5E1925E17412 /* Pods.framework */,
				3303C0B11CA59FFC006363AD /* NotificationCenter.framework */,
			);
			name = Frameworks;
			sourceTree = "<group>";
		};
/* End PBXGroup section */

/* Begin PBXNativeTarget section */
		3303C0AF1CA59FFC006363AD /* Comedores UGR Widget */ = {
			isa = PBXNativeTarget;
			buildConfigurationList = 3303C0BF1CA59FFC006363AD /* Build configuration list for PBXNativeTarget "Comedores UGR Widget" */;
			buildPhases = (
				3303C0AC1CA59FFC006363AD /* Sources */,
				3303C0AD1CA59FFC006363AD /* Frameworks */,
				3303C0AE1CA59FFC006363AD /* Resources */,
			);
			buildRules = (
			);
			dependencies = (
			);
			name = "Comedores UGR Widget";
			productName = "Comedores UGR Widget";
			productReference = 3303C0B01CA59FFC006363AD /* Comedores UGR Widget.appex */;
			productType = "com.apple.product-type.app-extension";
		};
		33276B3C1CABE72C00AE2721 /* Comedores UGR Watch */ = {
			isa = PBXNativeTarget;
			buildConfigurationList = 33276B621CABE72D00AE2721 /* Build configuration list for PBXNativeTarget "Comedores UGR Watch" */;
			buildPhases = (
				33276B3B1CABE72C00AE2721 /* Resources */,
				33276B611CABE72D00AE2721 /* Embed App Extensions */,
			);
			buildRules = (
			);
			dependencies = (
				33276B4C1CABE72D00AE2721 /* PBXTargetDependency */,
			);
			name = "Comedores UGR Watch";
			productName = "Comedores UGR Watch";
			productReference = 33276B3D1CABE72D00AE2721 /* Comedores UGR Watch.app */;
			productType = "com.apple.product-type.application.watchapp2";
		};
		33276B481CABE72D00AE2721 /* Comedores UGR Watch Extension */ = {
			isa = PBXNativeTarget;
			buildConfigurationList = 33276B5E1CABE72D00AE2721 /* Build configuration list for PBXNativeTarget "Comedores UGR Watch Extension" */;
			buildPhases = (
				33276B451CABE72D00AE2721 /* Sources */,
				33276B461CABE72D00AE2721 /* Frameworks */,
				33276B471CABE72D00AE2721 /* Resources */,
			);
			buildRules = (
			);
			dependencies = (
			);
			name = "Comedores UGR Watch Extension";
			productName = "Comedores UGR Watch Extension";
			productReference = 33276B491CABE72D00AE2721 /* Comedores UGR Watch Extension.appex */;
			productType = "com.apple.product-type.watchkit2-extension";
		};
		33837D2C1C9066540095E395 /* Comedores UGR */ = {
			isa = PBXNativeTarget;
			buildConfigurationList = 33837D3F1C9066540095E395 /* Build configuration list for PBXNativeTarget "Comedores UGR" */;
			buildPhases = (
				9A5143275092E57CF5F881C3 /* Check Pods Manifest.lock */,
				33837D291C9066540095E395 /* Sources */,
				33837D2A1C9066540095E395 /* Frameworks */,
				33837D2B1C9066540095E395 /* Resources */,
				CF3995FF494A958CF8EA521C /* Embed Pods Frameworks */,
				64FD7AAA62E5AE5F1718436B /* Copy Pods Resources */,
				3303C0C01CA59FFC006363AD /* Embed App Extensions */,
				33276B651CABE72D00AE2721 /* Embed Watch Content */,
			);
			buildRules = (
			);
			dependencies = (
				3303C0BB1CA59FFC006363AD /* PBXTargetDependency */,
				33276B5C1CABE72D00AE2721 /* PBXTargetDependency */,
			);
			name = "Comedores UGR";
			productName = "Comedores UGR";
			productReference = 33837D2D1C9066540095E395 /* Comedores UGR.app */;
			productType = "com.apple.product-type.application";
		};
/* End PBXNativeTarget section */

/* Begin PBXProject section */
		33837D251C9066540095E395 /* Project object */ = {
			isa = PBXProject;
			attributes = {
				LastSwiftUpdateCheck = 0730;
				LastUpgradeCheck = 0720;
				ORGANIZATIONNAME = "Daniel Barros";
				TargetAttributes = {
					3303C0AF1CA59FFC006363AD = {
						CreatedOnToolsVersion = 7.3;
						DevelopmentTeam = A66AUV6B49;
						SystemCapabilities = {
							com.apple.ApplicationGroups.iOS = {
								enabled = 1;
							};
						};
					};
					33276B3C1CABE72C00AE2721 = {
						CreatedOnToolsVersion = 7.3;
						DevelopmentTeam = A66AUV6B49;
					};
					33276B481CABE72D00AE2721 = {
						CreatedOnToolsVersion = 7.3;
					};
					33837D2C1C9066540095E395 = {
						CreatedOnToolsVersion = 7.2.1;
						DevelopmentTeam = A66AUV6B49;
						SystemCapabilities = {
							com.apple.ApplicationGroups.iOS = {
								enabled = 1;
							};
						};
					};
				};
			};
			buildConfigurationList = 33837D281C9066540095E395 /* Build configuration list for PBXProject "Comedores UGR" */;
			compatibilityVersion = "Xcode 3.2";
			developmentRegion = English;
			hasScannedForEncodings = 0;
			knownRegions = (
				en,
				Base,
				es,
			);
			mainGroup = 33837D241C9066540095E395;
			productRefGroup = 33837D2E1C9066540095E395 /* Products */;
			projectDirPath = "";
			projectRoot = "";
			targets = (
				33837D2C1C9066540095E395 /* Comedores UGR */,
				3303C0AF1CA59FFC006363AD /* Comedores UGR Widget */,
				33276B3C1CABE72C00AE2721 /* Comedores UGR Watch */,
				33276B481CABE72D00AE2721 /* Comedores UGR Watch Extension */,
			);
		};
/* End PBXProject section */

/* Begin PBXResourcesBuildPhase section */
		3303C0AE1CA59FFC006363AD /* Resources */ = {
			isa = PBXResourcesBuildPhase;
			buildActionMask = 2147483647;
			files = (
				3303C0B81CA59FFC006363AD /* MainInterface.storyboard in Resources */,
				339D79481CA7DAC80068AFA7 /* InfoPlist.strings in Resources */,
				33808C2C1CA7D1A900AB4912 /* Localizable.strings in Resources */,
			);
			runOnlyForDeploymentPostprocessing = 0;
		};
		33276B3B1CABE72C00AE2721 /* Resources */ = {
			isa = PBXResourcesBuildPhase;
			buildActionMask = 2147483647;
			files = (
				33276B431CABE72D00AE2721 /* Assets.xcassets in Resources */,
				33276B411CABE72D00AE2721 /* Interface.storyboard in Resources */,
			);
			runOnlyForDeploymentPostprocessing = 0;
		};
		33276B471CABE72D00AE2721 /* Resources */ = {
			isa = PBXResourcesBuildPhase;
			buildActionMask = 2147483647;
			files = (
				33276B591CABE72D00AE2721 /* Assets.xcassets in Resources */,
			);
			runOnlyForDeploymentPostprocessing = 0;
		};
		33837D2B1C9066540095E395 /* Resources */ = {
			isa = PBXResourcesBuildPhase;
			buildActionMask = 2147483647;
			files = (
				33837D3B1C9066540095E395 /* LaunchScreen.storyboard in Resources */,
				339D794D1CA7DAEE0068AFA7 /* InfoPlist.strings in Resources */,
				33808C2B1CA7D1A900AB4912 /* Localizable.strings in Resources */,
				33837D381C9066540095E395 /* Assets.xcassets in Resources */,
				33837D361C9066540095E395 /* Main.storyboard in Resources */,
			);
			runOnlyForDeploymentPostprocessing = 0;
		};
/* End PBXResourcesBuildPhase section */

/* Begin PBXShellScriptBuildPhase section */
		64FD7AAA62E5AE5F1718436B /* Copy Pods Resources */ = {
			isa = PBXShellScriptBuildPhase;
			buildActionMask = 2147483647;
			files = (
			);
			inputPaths = (
			);
			name = "Copy Pods Resources";
			outputPaths = (
			);
			runOnlyForDeploymentPostprocessing = 0;
			shellPath = /bin/sh;
			shellScript = "\"${SRCROOT}/Pods/Target Support Files/Pods/Pods-resources.sh\"\n";
			showEnvVarsInLog = 0;
		};
		9A5143275092E57CF5F881C3 /* Check Pods Manifest.lock */ = {
			isa = PBXShellScriptBuildPhase;
			buildActionMask = 2147483647;
			files = (
			);
			inputPaths = (
			);
			name = "Check Pods Manifest.lock";
			outputPaths = (
			);
			runOnlyForDeploymentPostprocessing = 0;
			shellPath = /bin/sh;
			shellScript = "diff \"${PODS_ROOT}/../Podfile.lock\" \"${PODS_ROOT}/Manifest.lock\" > /dev/null\nif [[ $? != 0 ]] ; then\n    cat << EOM\nerror: The sandbox is not in sync with the Podfile.lock. Run 'pod install' or update your CocoaPods installation.\nEOM\n    exit 1\nfi\n";
			showEnvVarsInLog = 0;
		};
		CF3995FF494A958CF8EA521C /* Embed Pods Frameworks */ = {
			isa = PBXShellScriptBuildPhase;
			buildActionMask = 2147483647;
			files = (
			);
			inputPaths = (
			);
			name = "Embed Pods Frameworks";
			outputPaths = (
			);
			runOnlyForDeploymentPostprocessing = 0;
			shellPath = /bin/sh;
			shellScript = "\"${SRCROOT}/Pods/Target Support Files/Pods/Pods-frameworks.sh\"\n";
			showEnvVarsInLog = 0;
		};
/* End PBXShellScriptBuildPhase section */

/* Begin PBXSourcesBuildPhase section */
		3303C0AC1CA59FFC006363AD /* Sources */ = {
			isa = PBXSourcesBuildPhase;
			buildActionMask = 2147483647;
			files = (
				3303C0C11CA5A09A006363AD /* WeekMenuFetcher.swift in Sources */,
				33A9EAA61CA7970F004E9645 /* AppCommon.swift in Sources */,
				336E35D31CA5AECA00093C3C /* DayMenu.swift in Sources */,
				339D79521CA7DC780068AFA7 /* NSUserDefaults+Menu.swift in Sources */,
				33A9EA9E1CA77FE8004E9645 /* Common.swift in Sources */,
				3303C0B51CA59FFC006363AD /* TodayViewController.swift in Sources */,
			);
			runOnlyForDeploymentPostprocessing = 0;
		};
		33276B451CABE72D00AE2721 /* Sources */ = {
			isa = PBXSourcesBuildPhase;
			buildActionMask = 2147483647;
			files = (
				33276B551CABE72D00AE2721 /* NotificationController.swift in Sources */,
				33276B531CABE72D00AE2721 /* ExtensionDelegate.swift in Sources */,
				33276B511CABE72D00AE2721 /* InterfaceController.swift in Sources */,
				33276B571CABE72D00AE2721 /* GlanceController.swift in Sources */,
			);
			runOnlyForDeploymentPostprocessing = 0;
		};
		33837D291C9066540095E395 /* Sources */ = {
			isa = PBXSourcesBuildPhase;
			buildActionMask = 2147483647;
			files = (
				33A9EA9D1CA77FE8004E9645 /* Common.swift in Sources */,
				339D79571CA942FF0068AFA7 /* ErrorTableViewCell.swift in Sources */,
				33276B6B1CAD74DA00AE2721 /* EventManager.swift in Sources */,
				336E35D21CA5AECA00093C3C /* DayMenu.swift in Sources */,
				33A9EAA51CA7970F004E9645 /* AppCommon.swift in Sources */,
				33A7596B1CA97B5B00D3BCA7 /* LastUpdateTableViewCell.swift in Sources */,
				33276B6D1CAEB32400AE2721 /* StyleKit.swift in Sources */,
				33A9EAA31CA782B6004E9645 /* MenuTableViewCell.swift in Sources */,
				33837D331C9066540095E395 /* MenuTableViewController.swift in Sources */,
				33276B6F1CAED82700AE2721 /* InfoViewController.swift in Sources */,
				33276B711CAEE1B500AE2721 /* PreferencesManager.swift in Sources */,
				33837D451C90A1360095E395 /* WeekMenuFetcher.swift in Sources */,
				339D79511CA7DC780068AFA7 /* NSUserDefaults+Menu.swift in Sources */,
				33837D311C9066540095E395 /* AppDelegate.swift in Sources */,
			);
			runOnlyForDeploymentPostprocessing = 0;
		};
/* End PBXSourcesBuildPhase section */

/* Begin PBXTargetDependency section */
		3303C0BB1CA59FFC006363AD /* PBXTargetDependency */ = {
			isa = PBXTargetDependency;
			target = 3303C0AF1CA59FFC006363AD /* Comedores UGR Widget */;
			targetProxy = 3303C0BA1CA59FFC006363AD /* PBXContainerItemProxy */;
		};
		33276B4C1CABE72D00AE2721 /* PBXTargetDependency */ = {
			isa = PBXTargetDependency;
			target = 33276B481CABE72D00AE2721 /* Comedores UGR Watch Extension */;
			targetProxy = 33276B4B1CABE72D00AE2721 /* PBXContainerItemProxy */;
		};
		33276B5C1CABE72D00AE2721 /* PBXTargetDependency */ = {
			isa = PBXTargetDependency;
			target = 33276B3C1CABE72C00AE2721 /* Comedores UGR Watch */;
			targetProxy = 33276B5B1CABE72D00AE2721 /* PBXContainerItemProxy */;
		};
/* End PBXTargetDependency section */

/* Begin PBXVariantGroup section */
		3303C0B61CA59FFC006363AD /* MainInterface.storyboard */ = {
			isa = PBXVariantGroup;
			children = (
				3303C0B71CA59FFC006363AD /* Base */,
				33808C271CA7CFC300AB4912 /* es */,
			);
			name = MainInterface.storyboard;
			sourceTree = "<group>";
		};
		33276B3F1CABE72D00AE2721 /* Interface.storyboard */ = {
			isa = PBXVariantGroup;
			children = (
				33276B401CABE72D00AE2721 /* Base */,
			);
			name = Interface.storyboard;
			sourceTree = "<group>";
		};
		33808C2E1CA7D1A900AB4912 /* Localizable.strings */ = {
			isa = PBXVariantGroup;
			children = (
				33808C2D1CA7D1A900AB4912 /* en */,
				33808C301CA7D1B400AB4912 /* es */,
			);
			name = Localizable.strings;
			sourceTree = "<group>";
		};
		33837D341C9066540095E395 /* Main.storyboard */ = {
			isa = PBXVariantGroup;
			children = (
				33837D351C9066540095E395 /* Base */,
				33808C251CA7CFC300AB4912 /* es */,
			);
			name = Main.storyboard;
			sourceTree = "<group>";
		};
		33837D391C9066540095E395 /* LaunchScreen.storyboard */ = {
			isa = PBXVariantGroup;
			children = (
				33837D3A1C9066540095E395 /* Base */,
			);
			name = LaunchScreen.storyboard;
			sourceTree = "<group>";
		};
		339D794A1CA7DAC80068AFA7 /* InfoPlist.strings */ = {
			isa = PBXVariantGroup;
			children = (
				339D79491CA7DAC80068AFA7 /* es */,
			);
			name = InfoPlist.strings;
			sourceTree = "<group>";
		};
		339D794F1CA7DAEE0068AFA7 /* InfoPlist.strings */ = {
			isa = PBXVariantGroup;
			children = (
				339D794E1CA7DAEE0068AFA7 /* es */,
			);
			name = InfoPlist.strings;
			sourceTree = "<group>";
		};
/* End PBXVariantGroup section */

/* Begin XCBuildConfiguration section */
		3303C0BD1CA59FFC006363AD /* Debug */ = {
			isa = XCBuildConfiguration;
			buildSettings = {
				CLANG_ANALYZER_NONNULL = YES;
				CODE_SIGN_ENTITLEMENTS = "Comedores UGR Widget/Comedores UGR Widget.entitlements";
				CODE_SIGN_IDENTITY = "iPhone Developer";
				"CODE_SIGN_IDENTITY[sdk=iphoneos*]" = "iPhone Developer";
				INFOPLIST_FILE = "Comedores UGR Widget/Info.plist";
				IPHONEOS_DEPLOYMENT_TARGET = 9.3;
				LD_RUNPATH_SEARCH_PATHS = "$(inherited) @executable_path/Frameworks @executable_path/../../Frameworks";
				PRODUCT_BUNDLE_IDENTIFIER = "daniel-barros.Comedores-UGR.Comedores-UGR-Widget";
				PRODUCT_NAME = "$(TARGET_NAME)";
				SKIP_INSTALL = YES;
			};
			name = Debug;
		};
		3303C0BE1CA59FFC006363AD /* Release */ = {
			isa = XCBuildConfiguration;
			buildSettings = {
				CLANG_ANALYZER_NONNULL = YES;
				CODE_SIGN_ENTITLEMENTS = "Comedores UGR Widget/Comedores UGR Widget.entitlements";
				CODE_SIGN_IDENTITY = "iPhone Developer";
				"CODE_SIGN_IDENTITY[sdk=iphoneos*]" = "iPhone Developer";
				INFOPLIST_FILE = "Comedores UGR Widget/Info.plist";
				IPHONEOS_DEPLOYMENT_TARGET = 9.3;
				LD_RUNPATH_SEARCH_PATHS = "$(inherited) @executable_path/Frameworks @executable_path/../../Frameworks";
				PRODUCT_BUNDLE_IDENTIFIER = "daniel-barros.Comedores-UGR.Comedores-UGR-Widget";
				PRODUCT_NAME = "$(TARGET_NAME)";
				SKIP_INSTALL = YES;
			};
			name = Release;
		};
		33276B5F1CABE72D00AE2721 /* Debug */ = {
			isa = XCBuildConfiguration;
			buildSettings = {
				CLANG_ANALYZER_NONNULL = YES;
				INFOPLIST_FILE = "Comedores UGR Watch Extension/Info.plist";
				LD_RUNPATH_SEARCH_PATHS = "$(inherited) @executable_path/Frameworks @executable_path/../../Frameworks";
				PRODUCT_BUNDLE_IDENTIFIER = "daniel-barros.Comedores-UGR.watchkitapp.watchkitextension";
				PRODUCT_NAME = "${TARGET_NAME}";
				SDKROOT = watchos;
				SKIP_INSTALL = YES;
				TARGETED_DEVICE_FAMILY = 4;
				WATCHOS_DEPLOYMENT_TARGET = 2.2;
			};
			name = Debug;
		};
		33276B601CABE72D00AE2721 /* Release */ = {
			isa = XCBuildConfiguration;
			buildSettings = {
				CLANG_ANALYZER_NONNULL = YES;
				INFOPLIST_FILE = "Comedores UGR Watch Extension/Info.plist";
				LD_RUNPATH_SEARCH_PATHS = "$(inherited) @executable_path/Frameworks @executable_path/../../Frameworks";
				PRODUCT_BUNDLE_IDENTIFIER = "daniel-barros.Comedores-UGR.watchkitapp.watchkitextension";
				PRODUCT_NAME = "${TARGET_NAME}";
				SDKROOT = watchos;
				SKIP_INSTALL = YES;
				TARGETED_DEVICE_FAMILY = 4;
				WATCHOS_DEPLOYMENT_TARGET = 2.2;
			};
			name = Release;
		};
		33276B631CABE72D00AE2721 /* Debug */ = {
			isa = XCBuildConfiguration;
			buildSettings = {
				ASSETCATALOG_COMPILER_APPICON_NAME = AppIcon;
				CLANG_ANALYZER_NONNULL = YES;
				CODE_SIGN_IDENTITY = "iPhone Developer";
				"CODE_SIGN_IDENTITY[sdk=iphoneos*]" = "iPhone Developer";
				EMBEDDED_CONTENT_CONTAINS_SWIFT = YES;
				IBSC_MODULE = Comedores_UGR_Watch_Extension;
				INFOPLIST_FILE = "Comedores UGR Watch/Info.plist";
				PRODUCT_BUNDLE_IDENTIFIER = "daniel-barros.Comedores-UGR.watchkitapp";
				PRODUCT_NAME = "$(TARGET_NAME)";
				SDKROOT = watchos;
				SKIP_INSTALL = YES;
				TARGETED_DEVICE_FAMILY = 4;
				WATCHOS_DEPLOYMENT_TARGET = 2.2;
			};
			name = Debug;
		};
		33276B641CABE72D00AE2721 /* Release */ = {
			isa = XCBuildConfiguration;
			buildSettings = {
				ASSETCATALOG_COMPILER_APPICON_NAME = AppIcon;
				CLANG_ANALYZER_NONNULL = YES;
				CODE_SIGN_IDENTITY = "iPhone Developer";
				"CODE_SIGN_IDENTITY[sdk=iphoneos*]" = "iPhone Developer";
				EMBEDDED_CONTENT_CONTAINS_SWIFT = YES;
				IBSC_MODULE = Comedores_UGR_Watch_Extension;
				INFOPLIST_FILE = "Comedores UGR Watch/Info.plist";
				PRODUCT_BUNDLE_IDENTIFIER = "daniel-barros.Comedores-UGR.watchkitapp";
				PRODUCT_NAME = "$(TARGET_NAME)";
				SDKROOT = watchos;
				SKIP_INSTALL = YES;
				TARGETED_DEVICE_FAMILY = 4;
				WATCHOS_DEPLOYMENT_TARGET = 2.2;
			};
			name = Release;
		};
		33837D3D1C9066540095E395 /* Debug */ = {
			isa = XCBuildConfiguration;
			buildSettings = {
				ALWAYS_SEARCH_USER_PATHS = NO;
				CLANG_CXX_LANGUAGE_STANDARD = "gnu++0x";
				CLANG_CXX_LIBRARY = "libc++";
				CLANG_ENABLE_MODULES = YES;
				CLANG_ENABLE_OBJC_ARC = YES;
				CLANG_WARN_BOOL_CONVERSION = YES;
				CLANG_WARN_CONSTANT_CONVERSION = YES;
				CLANG_WARN_DIRECT_OBJC_ISA_USAGE = YES_ERROR;
				CLANG_WARN_EMPTY_BODY = YES;
				CLANG_WARN_ENUM_CONVERSION = YES;
				CLANG_WARN_INT_CONVERSION = YES;
				CLANG_WARN_OBJC_ROOT_CLASS = YES_ERROR;
				CLANG_WARN_UNREACHABLE_CODE = YES;
				CLANG_WARN__DUPLICATE_METHOD_MATCH = YES;
				"CODE_SIGN_IDENTITY[sdk=iphoneos*]" = "iPhone Developer";
				COPY_PHASE_STRIP = NO;
				DEBUG_INFORMATION_FORMAT = dwarf;
				ENABLE_STRICT_OBJC_MSGSEND = YES;
				ENABLE_TESTABILITY = YES;
				GCC_C_LANGUAGE_STANDARD = gnu99;
				GCC_DYNAMIC_NO_PIC = NO;
				GCC_NO_COMMON_BLOCKS = YES;
				GCC_OPTIMIZATION_LEVEL = 0;
				GCC_PREPROCESSOR_DEFINITIONS = (
					"DEBUG=1",
					"$(inherited)",
				);
				GCC_WARN_64_TO_32_BIT_CONVERSION = YES;
				GCC_WARN_ABOUT_RETURN_TYPE = YES_ERROR;
				GCC_WARN_UNDECLARED_SELECTOR = YES;
				GCC_WARN_UNINITIALIZED_AUTOS = YES_AGGRESSIVE;
				GCC_WARN_UNUSED_FUNCTION = YES;
				GCC_WARN_UNUSED_VARIABLE = YES;
				IPHONEOS_DEPLOYMENT_TARGET = 9.2;
				MTL_ENABLE_DEBUG_INFO = YES;
				ONLY_ACTIVE_ARCH = YES;
				SDKROOT = iphoneos;
				SWIFT_OPTIMIZATION_LEVEL = "-Onone";
			};
			name = Debug;
		};
		33837D3E1C9066540095E395 /* Release */ = {
			isa = XCBuildConfiguration;
			buildSettings = {
				ALWAYS_SEARCH_USER_PATHS = NO;
				CLANG_CXX_LANGUAGE_STANDARD = "gnu++0x";
				CLANG_CXX_LIBRARY = "libc++";
				CLANG_ENABLE_MODULES = YES;
				CLANG_ENABLE_OBJC_ARC = YES;
				CLANG_WARN_BOOL_CONVERSION = YES;
				CLANG_WARN_CONSTANT_CONVERSION = YES;
				CLANG_WARN_DIRECT_OBJC_ISA_USAGE = YES_ERROR;
				CLANG_WARN_EMPTY_BODY = YES;
				CLANG_WARN_ENUM_CONVERSION = YES;
				CLANG_WARN_INT_CONVERSION = YES;
				CLANG_WARN_OBJC_ROOT_CLASS = YES_ERROR;
				CLANG_WARN_UNREACHABLE_CODE = YES;
				CLANG_WARN__DUPLICATE_METHOD_MATCH = YES;
				"CODE_SIGN_IDENTITY[sdk=iphoneos*]" = "iPhone Developer";
				COPY_PHASE_STRIP = NO;
				DEBUG_INFORMATION_FORMAT = "dwarf-with-dsym";
				ENABLE_NS_ASSERTIONS = NO;
				ENABLE_STRICT_OBJC_MSGSEND = YES;
				GCC_C_LANGUAGE_STANDARD = gnu99;
				GCC_NO_COMMON_BLOCKS = YES;
				GCC_WARN_64_TO_32_BIT_CONVERSION = YES;
				GCC_WARN_ABOUT_RETURN_TYPE = YES_ERROR;
				GCC_WARN_UNDECLARED_SELECTOR = YES;
				GCC_WARN_UNINITIALIZED_AUTOS = YES_AGGRESSIVE;
				GCC_WARN_UNUSED_FUNCTION = YES;
				GCC_WARN_UNUSED_VARIABLE = YES;
				IPHONEOS_DEPLOYMENT_TARGET = 9.2;
				MTL_ENABLE_DEBUG_INFO = NO;
				SDKROOT = iphoneos;
				VALIDATE_PRODUCT = YES;
			};
			name = Release;
		};
		33837D401C9066540095E395 /* Debug */ = {
			isa = XCBuildConfiguration;
			baseConfigurationReference = 7E6BA74AD7A8B0D41EE9405E /* Pods.debug.xcconfig */;
			buildSettings = {
				ASSETCATALOG_COMPILER_APPICON_NAME = AppIcon;
				CLANG_ENABLE_MODULES = YES;
				CODE_SIGN_ENTITLEMENTS = "Comedores UGR/Comedores UGR.entitlements";
				CODE_SIGN_IDENTITY = "iPhone Developer";
				"CODE_SIGN_IDENTITY[sdk=iphoneos*]" = "iPhone Developer";
				EMBEDDED_CONTENT_CONTAINS_SWIFT = YES;
				INFOPLIST_FILE = "Comedores UGR/Info.plist";
				LD_RUNPATH_SEARCH_PATHS = "$(inherited) @executable_path/Frameworks";
				PRODUCT_BUNDLE_IDENTIFIER = "daniel-barros.Comedores-UGR";
				PRODUCT_NAME = "$(TARGET_NAME)";
				PROVISIONING_PROFILE = "";
				SWIFT_OPTIMIZATION_LEVEL = "-Onone";
				TARGETED_DEVICE_FAMILY = "1,2";
			};
			name = Debug;
		};
		33837D411C9066540095E395 /* Release */ = {
			isa = XCBuildConfiguration;
			baseConfigurationReference = B679D0C5174D735F49427568 /* Pods.release.xcconfig */;
			buildSettings = {
				ASSETCATALOG_COMPILER_APPICON_NAME = AppIcon;
				CLANG_ENABLE_MODULES = YES;
				CODE_SIGN_ENTITLEMENTS = "Comedores UGR/Comedores UGR.entitlements";
				CODE_SIGN_IDENTITY = "iPhone Developer";
				"CODE_SIGN_IDENTITY[sdk=iphoneos*]" = "iPhone Developer";
				EMBEDDED_CONTENT_CONTAINS_SWIFT = YES;
				INFOPLIST_FILE = "Comedores UGR/Info.plist";
				LD_RUNPATH_SEARCH_PATHS = "$(inherited) @executable_path/Frameworks";
				PRODUCT_BUNDLE_IDENTIFIER = "daniel-barros.Comedores-UGR";
				PRODUCT_NAME = "$(TARGET_NAME)";
				PROVISIONING_PROFILE = "";
				TARGETED_DEVICE_FAMILY = "1,2";
			};
			name = Release;
		};
/* End XCBuildConfiguration section */

/* Begin XCConfigurationList section */
		3303C0BF1CA59FFC006363AD /* Build configuration list for PBXNativeTarget "Comedores UGR Widget" */ = {
			isa = XCConfigurationList;
			buildConfigurations = (
				3303C0BD1CA59FFC006363AD /* Debug */,
				3303C0BE1CA59FFC006363AD /* Release */,
			);
			defaultConfigurationIsVisible = 0;
			defaultConfigurationName = Release;
		};
		33276B5E1CABE72D00AE2721 /* Build configuration list for PBXNativeTarget "Comedores UGR Watch Extension" */ = {
			isa = XCConfigurationList;
			buildConfigurations = (
				33276B5F1CABE72D00AE2721 /* Debug */,
				33276B601CABE72D00AE2721 /* Release */,
			);
			defaultConfigurationIsVisible = 0;
			defaultConfigurationName = Release;
		};
		33276B621CABE72D00AE2721 /* Build configuration list for PBXNativeTarget "Comedores UGR Watch" */ = {
			isa = XCConfigurationList;
			buildConfigurations = (
				33276B631CABE72D00AE2721 /* Debug */,
				33276B641CABE72D00AE2721 /* Release */,
			);
			defaultConfigurationIsVisible = 0;
			defaultConfigurationName = Release;
		};
		33837D281C9066540095E395 /* Build configuration list for PBXProject "Comedores UGR" */ = {
			isa = XCConfigurationList;
			buildConfigurations = (
				33837D3D1C9066540095E395 /* Debug */,
				33837D3E1C9066540095E395 /* Release */,
			);
			defaultConfigurationIsVisible = 0;
			defaultConfigurationName = Release;
		};
		33837D3F1C9066540095E395 /* Build configuration list for PBXNativeTarget "Comedores UGR" */ = {
			isa = XCConfigurationList;
			buildConfigurations = (
				33837D401C9066540095E395 /* Debug */,
				33837D411C9066540095E395 /* Release */,
			);
			defaultConfigurationIsVisible = 0;
			defaultConfigurationName = Release;
		};
/* End XCConfigurationList section */
	};
	rootObject = 33837D251C9066540095E395 /* Project object */;
}
